
Microsoft Visual Studio Solution File, Format Version 12.00
# Visual Studio Version 17
VisualStudioVersion = 17.12.35707.178 d17.12
MinimumVisualStudioVersion = 10.0.40219.1
Project("{FAE04EC0-301F-11D3-BF4B-00C04F79EFBC}") = "modul3_103022330008", "modul3_103022330008.csproj", "{63B45656-28E5-4CF8-8C98-52D863754CD9}"
EndProject
Global
	GlobalSection(SolutionConfigurationPlatforms) = preSolution
		Debug|Any CPU = Debug|Any CPU
		Release|Any CPU = Release|Any CPU
	EndGlobalSection
	GlobalSection(ProjectConfigurationPlatforms) = postSolution
		{63B45656-28E5-4CF8-8C98-52D863754CD9}.Debug|Any CPU.ActiveCfg = Debug|Any CPU
		{63B45656-28E5-4CF8-8C98-52D863754CD9}.Debug|Any CPU.Build.0 = Debug|Any CPU
		{63B45656-28E5-4CF8-8C98-52D863754CD9}.Release|Any CPU.ActiveCfg = Release|Any CPU
		{63B45656-28E5-4CF8-8C98-52D863754CD9}.Release|Any CPU.Build.0 = Release|Any CPU
	EndGlobalSection
	GlobalSection(SolutionProperties) = preSolution
		HideSolutionNode = FALSE
	EndGlobalSection
EndGlobal
